
Microsoft Visual Studio Solution File, Format Version 12.00
# Visual Studio 15
VisualStudioVersion = 15.0.28010.2026
MinimumVisualStudioVersion = 10.0.40219.1
Project("{FAE04EC0-301F-11D3-BF4B-00C04F79EFBC}") = "ClassLibraryExamDice", "ClassLibraryExamDice\ClassLibraryExamDice.csproj", "{EAC68580-3F43-45FD-A334-AF63E9FF8944}"
EndProject
Global
	GlobalSection(SolutionConfigurationPlatforms) = preSolution
		Debug|Any CPU = Debug|Any CPU
		Release|Any CPU = Release|Any CPU
	EndGlobalSection
	GlobalSection(ProjectConfigurationPlatforms) = postSolution
		{EAC68580-3F43-45FD-A334-AF63E9FF8944}.Debug|Any CPU.ActiveCfg = Debug|Any CPU
		{EAC68580-3F43-45FD-A334-AF63E9FF8944}.Debug|Any CPU.Build.0 = Debug|Any CPU
		{EAC68580-3F43-45FD-A334-AF63E9FF8944}.Release|Any CPU.ActiveCfg = Release|Any CPU
		{EAC68580-3F43-45FD-A334-AF63E9FF8944}.Release|Any CPU.Build.0 = Release|Any CPU
	EndGlobalSection
	GlobalSection(SolutionProperties) = preSolution
		HideSolutionNode = FALSE
	EndGlobalSection
	GlobalSection(ExtensibilityGlobals) = postSolution
		SolutionGuid = {EF9B3E36-049F-4299-BA04-BC1A3F768D4A}
	EndGlobalSection
EndGlobal
